
Microsoft Visual Studio Solution File, Format Version 12.00
# Visual Studio Version 17
VisualStudioVersion = 17.7.34031.279
MinimumVisualStudioVersion = 10.0.40219.1
Project("{9A19103F-16F7-4668-BE54-9A1E7A4F7556}") = "LiveCharts2.MRE", "LiveCharts2.MRE\LiveCharts2.MRE.csproj", "{71DB00DE-A43C-4680-B812-EC124EEE4325}"
EndProject
Project("{9A19103F-16F7-4668-BE54-9A1E7A4F7556}") = "LiveCharts2.MRE.Desktop", "LiveCharts2.MRE.Desktop\LiveCharts2.MRE.Desktop.csproj", "{99237923-2669-435E-8175-4BDC96DCD7C2}"
EndProject
Global
	GlobalSection(SolutionConfigurationPlatforms) = preSolution
		Debug|Any CPU = Debug|Any CPU
		Release|Any CPU = Release|Any CPU
	EndGlobalSection
	GlobalSection(ProjectConfigurationPlatforms) = postSolution
		{71DB00DE-A43C-4680-B812-EC124EEE4325}.Debug|Any CPU.ActiveCfg = Debug|Any CPU
		{71DB00DE-A43C-4680-B812-EC124EEE4325}.Debug|Any CPU.Build.0 = Debug|Any CPU
		{71DB00DE-A43C-4680-B812-EC124EEE4325}.Release|Any CPU.ActiveCfg = Release|Any CPU
		{71DB00DE-A43C-4680-B812-EC124EEE4325}.Release|Any CPU.Build.0 = Release|Any CPU
		{99237923-2669-435E-8175-4BDC96DCD7C2}.Debug|Any CPU.ActiveCfg = Debug|Any CPU
		{99237923-2669-435E-8175-4BDC96DCD7C2}.Debug|Any CPU.Build.0 = Debug|Any CPU
		{99237923-2669-435E-8175-4BDC96DCD7C2}.Release|Any CPU.ActiveCfg = Release|Any CPU
		{99237923-2669-435E-8175-4BDC96DCD7C2}.Release|Any CPU.Build.0 = Release|Any CPU
	EndGlobalSection
	GlobalSection(SolutionProperties) = preSolution
		HideSolutionNode = FALSE
	EndGlobalSection
	GlobalSection(ExtensibilityGlobals) = postSolution
		SolutionGuid = {B0990191-162B-44DD-B03C-EC54F295F714}
	EndGlobalSection
EndGlobal
